{
  "requires": true,
  "lockfileVersion": 1,
  "dependencies": {
    "aframe-effects": {
      "version": "0.9.1",
      "resolved": "https://registry.npmjs.org/aframe-effects/-/aframe-effects-0.9.1.tgz",
      "integrity": "sha512-HicRWqlttT1LBumMEKOdYCP/w16k2zWsyLVhBoRMHnA28/zA6s1i4EztWPtC1F6Jk0WF+F+HKrjP37atz8yMwg=="
    },
    "aframe-particle-system-component": {
      "version": "1.1.3",
      "resolved": "https://registry.npmjs.org/aframe-particle-system-component/-/aframe-particle-system-component-1.1.3.tgz",
      "integrity": "sha512-G1qmdre8mrbLTw67jNUr79IRFXxL+Rt++LFC1enhNHFoiyqgvcLsSWJLYhoVdEpTyvM39b1VMM7RjivpW4oBsg=="
    }
  }
}
